
Microsoft Visual Studio Solution File, Format Version 12.00
# Visual Studio Version 17
VisualStudioVersion = 17.10.34607.79
MinimumVisualStudioVersion = 10.0.40219.1
Project("{9A19103F-16F7-4668-BE54-9A1E7A4F7556}") = "HelloAzureFunctions", "src\HelloAzureFunctions\HelloAzureFunctions.csproj", "{FC1AB07B-423B-4E0A-837B-5A1A083AA62E}"
EndProject
Project("{2150E333-8FDC-42A3-9474-1A3956D46DE8}") = "src", "src", "{A6EFBFA1-D913-4F5C-A605-2151650AB588}"
EndProject
Project("{2150E333-8FDC-42A3-9474-1A3956D46DE8}") = "tests", "tests", "{B1BE68F8-9C75-40A8-93F7-A7F217CA94A2}"
EndProject
Project("{9A19103F-16F7-4668-BE54-9A1E7A4F7556}") = "HelloAzureFunctions.Tests.Integration", "tests\HelloAzureFunctions.Tests.Integration\HelloAzureFunctions.Tests.Integration.csproj", "{B2B4798A-C410-48F6-86B8-AE4C56CC4F97}"
EndProject
Project("{2150E333-8FDC-42A3-9474-1A3956D46DE8}") = ".github", ".github", "{6BC0FE46-F669-4B18-AD62-BD09EEDBDFF4}"
EndProject
Project("{2150E333-8FDC-42A3-9474-1A3956D46DE8}") = "workflows", "workflows", "{D56CBDC5-3131-4666-B3E9-1A07988FD555}"
	ProjectSection(SolutionItems) = preProject
		.github\workflows\azure-functions-app-dotnet.yml = .github\workflows\azure-functions-app-dotnet.yml
	EndProjectSection
EndProject
Project("{2150E333-8FDC-42A3-9474-1A3956D46DE8}") = "Solution Items", "Solution Items", "{19641AE2-2EC5-437B-BEB5-D15CAC2C2962}"
	ProjectSection(SolutionItems) = preProject
		README.md = README.md
	EndProjectSection
EndProject
Global
	GlobalSection(SolutionConfigurationPlatforms) = preSolution
		Debug|Any CPU = Debug|Any CPU
		Release|Any CPU = Release|Any CPU
	EndGlobalSection
	GlobalSection(ProjectConfigurationPlatforms) = postSolution
		{FC1AB07B-423B-4E0A-837B-5A1A083AA62E}.Debug|Any CPU.ActiveCfg = Debug|Any CPU
		{FC1AB07B-423B-4E0A-837B-5A1A083AA62E}.Debug|Any CPU.Build.0 = Debug|Any CPU
		{FC1AB07B-423B-4E0A-837B-5A1A083AA62E}.Release|Any CPU.ActiveCfg = Release|Any CPU
		{FC1AB07B-423B-4E0A-837B-5A1A083AA62E}.Release|Any CPU.Build.0 = Release|Any CPU
		{B2B4798A-C410-48F6-86B8-AE4C56CC4F97}.Debug|Any CPU.ActiveCfg = Debug|Any CPU
		{B2B4798A-C410-48F6-86B8-AE4C56CC4F97}.Debug|Any CPU.Build.0 = Debug|Any CPU
		{B2B4798A-C410-48F6-86B8-AE4C56CC4F97}.Release|Any CPU.ActiveCfg = Release|Any CPU
		{B2B4798A-C410-48F6-86B8-AE4C56CC4F97}.Release|Any CPU.Build.0 = Release|Any CPU
	EndGlobalSection
	GlobalSection(SolutionProperties) = preSolution
		HideSolutionNode = FALSE
	EndGlobalSection
	GlobalSection(NestedProjects) = preSolution
		{FC1AB07B-423B-4E0A-837B-5A1A083AA62E} = {A6EFBFA1-D913-4F5C-A605-2151650AB588}
		{B2B4798A-C410-48F6-86B8-AE4C56CC4F97} = {B1BE68F8-9C75-40A8-93F7-A7F217CA94A2}
		{D56CBDC5-3131-4666-B3E9-1A07988FD555} = {6BC0FE46-F669-4B18-AD62-BD09EEDBDFF4}
	EndGlobalSection
	GlobalSection(ExtensibilityGlobals) = postSolution
		SolutionGuid = {14D5A6B3-10D7-4AAF-AAC8-D0A73D1FD5E8}
	EndGlobalSection
EndGlobal
